
Microsoft Visual Studio Solution File, Format Version 12.00
# Visual Studio Version 17
VisualStudioVersion = 17.4.33213.308
MinimumVisualStudioVersion = 10.0.40219.1
Project("{9A19103F-16F7-4668-BE54-9A1E7A4F7556}") = "Modbus.Net", "Modbus.Net\Modbus.Net.csproj", "{124EBEF2-8960-4447-84CF-1D683B1EF7CC}"
EndProject
Project("{2150E333-8FDC-42A3-9474-1A3956D46DE8}") = "Solution Items", "Solution Items", "{64472271-8B95-4036-ACF9-C10941C1DB0A}"
	ProjectSection(SolutionItems) = preProject
		..\README.md = ..\README.md
	EndProjectSection
EndProject
Project("{9A19103F-16F7-4668-BE54-9A1E7A4F7556}") = "Modbus.Net.Modbus", "Modbus.Net.Modbus\Modbus.Net.Modbus.csproj", "{FDCA72BA-6D06-4DE0-B873-C11C4AC853AD}"
EndProject
Project("{9A19103F-16F7-4668-BE54-9A1E7A4F7556}") = "Modbus.Net.Siemens", "Modbus.Net.Siemens\Modbus.Net.Siemens.csproj", "{6258F9D9-0DF4-497F-9F3B-6D2F6F752A21}"
EndProject
Project("{2150E333-8FDC-42A3-9474-1A3956D46DE8}") = "Tests", "Tests", "{D8DD32FC-CF39-4A1A-8FBF-9E82C5278C34}"
EndProject
Project("{9A19103F-16F7-4668-BE54-9A1E7A4F7556}") = "Modbus.Net.Tests", "..\Tests\Modbus.Net.Tests\Modbus.Net.Tests.csproj", "{3BB01E98-3D45-454A-A1BD-49D7B2C83B74}"
EndProject
Project("{2150E333-8FDC-42A3-9474-1A3956D46DE8}") = "Samples", "Samples", "{3597B5C5-45B9-4ECB-92A3-D0FFBE47920A}"
EndProject
Project("{9A19103F-16F7-4668-BE54-9A1E7A4F7556}") = "MachineJob", "..\Samples\MachineJob\MachineJob.csproj", "{22A35CA8-CDCF-416D-BA84-08C933B4A3DE}"
EndProject
Project("{9A19103F-16F7-4668-BE54-9A1E7A4F7556}") = "Modbus.Net.Modbus.NA200H", "Modbus.Net.Modbus.NA200H\Modbus.Net.Modbus.NA200H.csproj", "{D4AF0E1E-676E-43B6-BAA3-BFC329D68C80}"
EndProject
Project("{9A19103F-16F7-4668-BE54-9A1E7A4F7556}") = "Modbus.Net.PersistedTests", "..\Tests\Modbus.Net.PersistedTests\Modbus.Net.PersistedTests.csproj", "{4B946C56-D09F-4EEB-BE88-4A2C97815A77}"
EndProject
Project("{9A19103F-16F7-4668-BE54-9A1E7A4F7556}") = "AnyType", "..\Samples\AnyType\AnyType.csproj", "{1857DA63-3335-428F-84D8-1FA4F8178643}"
EndProject
Project("{9A19103F-16F7-4668-BE54-9A1E7A4F7556}") = "Modbus.Net.OPC", "Modbus.Net.OPC\Modbus.Net.OPC.csproj", "{C854A379-C5EA-4CAC-9C5F-7291372D1D3F}"
EndProject
Project("{FAE04EC0-301F-11D3-BF4B-00C04F79EFBC}") = "h-opc", "..\Libraries\h-opc\h-opc.csproj", "{347D0027-45F6-48C9-A917-1B1DF6C66DC5}"
EndProject
Project("{FAE04EC0-301F-11D3-BF4B-00C04F79EFBC}") = "CrossLamp", "..\Samples\CrossLamp\CrossLamp.csproj", "{AA3A42D2-0502-41D3-929A-BAB729DF07D6}"
EndProject
Project("{FAE04EC0-301F-11D3-BF4B-00C04F79EFBC}") = "TripleAdd", "..\Samples\TripleAdd\TripleAdd.csproj", "{414956B8-DBD4-414C-ABD3-565580739646}"
EndProject
Global
	GlobalSection(SolutionConfigurationPlatforms) = preSolution
		Debug|Any CPU = Debug|Any CPU
		Release|Any CPU = Release|Any CPU
	EndGlobalSection
	GlobalSection(ProjectConfigurationPlatforms) = postSolution
		{124EBEF2-8960-4447-84CF-1D683B1EF7CC}.Debug|Any CPU.ActiveCfg = Debug|Any CPU
		{124EBEF2-8960-4447-84CF-1D683B1EF7CC}.Debug|Any CPU.Build.0 = Debug|Any CPU
		{124EBEF2-8960-4447-84CF-1D683B1EF7CC}.Release|Any CPU.ActiveCfg = Release|Any CPU
		{124EBEF2-8960-4447-84CF-1D683B1EF7CC}.Release|Any CPU.Build.0 = Release|Any CPU
		{FDCA72BA-6D06-4DE0-B873-C11C4AC853AD}.Debug|Any CPU.ActiveCfg = Debug|Any CPU
		{FDCA72BA-6D06-4DE0-B873-C11C4AC853AD}.Debug|Any CPU.Build.0 = Debug|Any CPU
		{FDCA72BA-6D06-4DE0-B873-C11C4AC853AD}.Release|Any CPU.ActiveCfg = Release|Any CPU
		{FDCA72BA-6D06-4DE0-B873-C11C4AC853AD}.Release|Any CPU.Build.0 = Release|Any CPU
		{6258F9D9-0DF4-497F-9F3B-6D2F6F752A21}.Debug|Any CPU.ActiveCfg = Debug|Any CPU
		{6258F9D9-0DF4-497F-9F3B-6D2F6F752A21}.Debug|Any CPU.Build.0 = Debug|Any CPU
		{6258F9D9-0DF4-497F-9F3B-6D2F6F752A21}.Release|Any CPU.ActiveCfg = Release|Any CPU
		{6258F9D9-0DF4-497F-9F3B-6D2F6F752A21}.Release|Any CPU.Build.0 = Release|Any CPU
		{3BB01E98-3D45-454A-A1BD-49D7B2C83B74}.Debug|Any CPU.ActiveCfg = Debug|Any CPU
		{3BB01E98-3D45-454A-A1BD-49D7B2C83B74}.Debug|Any CPU.Build.0 = Debug|Any CPU
		{3BB01E98-3D45-454A-A1BD-49D7B2C83B74}.Release|Any CPU.ActiveCfg = Release|Any CPU
		{3BB01E98-3D45-454A-A1BD-49D7B2C83B74}.Release|Any CPU.Build.0 = Release|Any CPU
		{22A35CA8-CDCF-416D-BA84-08C933B4A3DE}.Debug|Any CPU.ActiveCfg = Debug|Any CPU
		{22A35CA8-CDCF-416D-BA84-08C933B4A3DE}.Debug|Any CPU.Build.0 = Debug|Any CPU
		{22A35CA8-CDCF-416D-BA84-08C933B4A3DE}.Release|Any CPU.ActiveCfg = Release|Any CPU
		{22A35CA8-CDCF-416D-BA84-08C933B4A3DE}.Release|Any CPU.Build.0 = Release|Any CPU
		{D4AF0E1E-676E-43B6-BAA3-BFC329D68C80}.Debug|Any CPU.ActiveCfg = Debug|Any CPU
		{D4AF0E1E-676E-43B6-BAA3-BFC329D68C80}.Debug|Any CPU.Build.0 = Debug|Any CPU
		{D4AF0E1E-676E-43B6-BAA3-BFC329D68C80}.Release|Any CPU.ActiveCfg = Release|Any CPU
		{D4AF0E1E-676E-43B6-BAA3-BFC329D68C80}.Release|Any CPU.Build.0 = Release|Any CPU
		{4B946C56-D09F-4EEB-BE88-4A2C97815A77}.Debug|Any CPU.ActiveCfg = Debug|Any CPU
		{4B946C56-D09F-4EEB-BE88-4A2C97815A77}.Debug|Any CPU.Build.0 = Debug|Any CPU
		{4B946C56-D09F-4EEB-BE88-4A2C97815A77}.Release|Any CPU.ActiveCfg = Release|Any CPU
		{4B946C56-D09F-4EEB-BE88-4A2C97815A77}.Release|Any CPU.Build.0 = Release|Any CPU
		{1857DA63-3335-428F-84D8-1FA4F8178643}.Debug|Any CPU.ActiveCfg = Debug|Any CPU
		{1857DA63-3335-428F-84D8-1FA4F8178643}.Debug|Any CPU.Build.0 = Debug|Any CPU
		{1857DA63-3335-428F-84D8-1FA4F8178643}.Release|Any CPU.ActiveCfg = Release|Any CPU
		{1857DA63-3335-428F-84D8-1FA4F8178643}.Release|Any CPU.Build.0 = Release|Any CPU
		{C854A379-C5EA-4CAC-9C5F-7291372D1D3F}.Debug|Any CPU.ActiveCfg = Debug|Any CPU
		{C854A379-C5EA-4CAC-9C5F-7291372D1D3F}.Debug|Any CPU.Build.0 = Debug|Any CPU
		{C854A379-C5EA-4CAC-9C5F-7291372D1D3F}.Release|Any CPU.ActiveCfg = Release|Any CPU
		{C854A379-C5EA-4CAC-9C5F-7291372D1D3F}.Release|Any CPU.Build.0 = Release|Any CPU
		{347D0027-45F6-48C9-A917-1B1DF6C66DC5}.Debug|Any CPU.ActiveCfg = Debug|Any CPU
		{347D0027-45F6-48C9-A917-1B1DF6C66DC5}.Debug|Any CPU.Build.0 = Debug|Any CPU
		{347D0027-45F6-48C9-A917-1B1DF6C66DC5}.Release|Any CPU.ActiveCfg = Release|Any CPU
		{347D0027-45F6-48C9-A917-1B1DF6C66DC5}.Release|Any CPU.Build.0 = Release|Any CPU
		{AA3A42D2-0502-41D3-929A-BAB729DF07D6}.Debug|Any CPU.ActiveCfg = Debug|Any CPU
		{AA3A42D2-0502-41D3-929A-BAB729DF07D6}.Debug|Any CPU.Build.0 = Debug|Any CPU
		{AA3A42D2-0502-41D3-929A-BAB729DF07D6}.Release|Any CPU.ActiveCfg = Release|Any CPU
		{AA3A42D2-0502-41D3-929A-BAB729DF07D6}.Release|Any CPU.Build.0 = Release|Any CPU
		{414956B8-DBD4-414C-ABD3-565580739646}.Debug|Any CPU.ActiveCfg = Debug|Any CPU
		{414956B8-DBD4-414C-ABD3-565580739646}.Debug|Any CPU.Build.0 = Debug|Any CPU
		{414956B8-DBD4-414C-ABD3-565580739646}.Release|Any CPU.ActiveCfg = Release|Any CPU
		{414956B8-DBD4-414C-ABD3-565580739646}.Release|Any CPU.Build.0 = Release|Any CPU
	EndGlobalSection
	GlobalSection(SolutionProperties) = preSolution
		HideSolutionNode = FALSE
	EndGlobalSection
	GlobalSection(NestedProjects) = preSolution
		{3BB01E98-3D45-454A-A1BD-49D7B2C83B74} = {D8DD32FC-CF39-4A1A-8FBF-9E82C5278C34}
		{22A35CA8-CDCF-416D-BA84-08C933B4A3DE} = {3597B5C5-45B9-4ECB-92A3-D0FFBE47920A}
		{4B946C56-D09F-4EEB-BE88-4A2C97815A77} = {D8DD32FC-CF39-4A1A-8FBF-9E82C5278C34}
		{1857DA63-3335-428F-84D8-1FA4F8178643} = {3597B5C5-45B9-4ECB-92A3-D0FFBE47920A}
		{AA3A42D2-0502-41D3-929A-BAB729DF07D6} = {3597B5C5-45B9-4ECB-92A3-D0FFBE47920A}
		{414956B8-DBD4-414C-ABD3-565580739646} = {3597B5C5-45B9-4ECB-92A3-D0FFBE47920A}
	EndGlobalSection
	GlobalSection(ExtensibilityGlobals) = postSolution
		SolutionGuid = {AF00D64E-3C70-474A-8A81-E9E48017C4B5}
	EndGlobalSection
EndGlobal
