
Microsoft Visual Studio Solution File, Format Version 12.00
# Visual Studio 15
VisualStudioVersion = 15.0.27130.2010
MinimumVisualStudioVersion = 10.0.40219.1
Project("{FAE04EC0-301F-11D3-BF4B-00C04F79EFBC}") = "Modbus.Net-vs2015", "Modbus.Net\Modbus.Net-vs2015.csproj", "{0C662F94-7362-4D4F-AFD7-76562764893C}"
EndProject
Project("{FAE04EC0-301F-11D3-BF4B-00C04F79EFBC}") = "Modbus.Net.Modbus-vs2015", "Modbus.Net.Modbus\Modbus.Net.Modbus-vs2015.csproj", "{AF2BFCBB-F396-4340-A612-5D0C2477C1B3}"
EndProject
Project("{FAE04EC0-301F-11D3-BF4B-00C04F79EFBC}") = "Modbus.Net.Siemens-vs2015", "Modbus.Net.Siemens\Modbus.Net.Siemens-vs2015.csproj", "{53EFB3C6-771E-44D2-9E77-5E70C86D00A5}"
EndProject
Project("{FAE04EC0-301F-11D3-BF4B-00C04F79EFBC}") = "Modbus.Net.OPC-vs2015", "Modbus.Net.OPC\Modbus.Net.OPC-vs2015.csproj", "{AD3FF8DE-B9C1-4242-ACC5-4E9400A883B5}"
EndProject
Global
	GlobalSection(SolutionConfigurationPlatforms) = preSolution
		Debug|Any CPU = Debug|Any CPU
		Release|Any CPU = Release|Any CPU
	EndGlobalSection
	GlobalSection(ProjectConfigurationPlatforms) = postSolution
		{0C662F94-7362-4D4F-AFD7-76562764893C}.Debug|Any CPU.ActiveCfg = Debug|Any CPU
		{0C662F94-7362-4D4F-AFD7-76562764893C}.Debug|Any CPU.Build.0 = Debug|Any CPU
		{0C662F94-7362-4D4F-AFD7-76562764893C}.Release|Any CPU.ActiveCfg = Release|Any CPU
		{0C662F94-7362-4D4F-AFD7-76562764893C}.Release|Any CPU.Build.0 = Release|Any CPU
		{AF2BFCBB-F396-4340-A612-5D0C2477C1B3}.Debug|Any CPU.ActiveCfg = Debug|Any CPU
		{AF2BFCBB-F396-4340-A612-5D0C2477C1B3}.Debug|Any CPU.Build.0 = Debug|Any CPU
		{AF2BFCBB-F396-4340-A612-5D0C2477C1B3}.Release|Any CPU.ActiveCfg = Release|Any CPU
		{AF2BFCBB-F396-4340-A612-5D0C2477C1B3}.Release|Any CPU.Build.0 = Release|Any CPU
		{53EFB3C6-771E-44D2-9E77-5E70C86D00A5}.Debug|Any CPU.ActiveCfg = Debug|Any CPU
		{53EFB3C6-771E-44D2-9E77-5E70C86D00A5}.Debug|Any CPU.Build.0 = Debug|Any CPU
		{53EFB3C6-771E-44D2-9E77-5E70C86D00A5}.Release|Any CPU.ActiveCfg = Release|Any CPU
		{53EFB3C6-771E-44D2-9E77-5E70C86D00A5}.Release|Any CPU.Build.0 = Release|Any CPU
		{AD3FF8DE-B9C1-4242-ACC5-4E9400A883B5}.Debug|Any CPU.ActiveCfg = Debug|Any CPU
		{AD3FF8DE-B9C1-4242-ACC5-4E9400A883B5}.Debug|Any CPU.Build.0 = Debug|Any CPU
		{AD3FF8DE-B9C1-4242-ACC5-4E9400A883B5}.Release|Any CPU.ActiveCfg = Release|Any CPU
		{AD3FF8DE-B9C1-4242-ACC5-4E9400A883B5}.Release|Any CPU.Build.0 = Release|Any CPU
	EndGlobalSection
	GlobalSection(SolutionProperties) = preSolution
		HideSolutionNode = FALSE
	EndGlobalSection
	GlobalSection(ExtensibilityGlobals) = postSolution
		SolutionGuid = {98BE5DC9-7F81-4673-9202-9C334802DAD9}
	EndGlobalSection
EndGlobal
